
Microsoft Visual Studio Solution File, Format Version 12.00
# Visual Studio Version 17
VisualStudioVersion = 17.0.32126.317
MinimumVisualStudioVersion = 10.0.40219.1
Project("{FAE04EC0-301F-11D3-BF4B-00C04F79EFBC}") = "CaseStudyGamzeOsterhan", "CaseStudyGamzeOsterhan.csproj", "{90A21AE0-30CC-46F7-A0E4-A312FDD3357D}"
EndProject
Global
	GlobalSection(SolutionConfigurationPlatforms) = preSolution
		Debug|Any CPU = Debug|Any CPU
		Release|Any CPU = Release|Any CPU
	EndGlobalSection
	GlobalSection(ProjectConfigurationPlatforms) = postSolution
		{90A21AE0-30CC-46F7-A0E4-A312FDD3357D}.Debug|Any CPU.ActiveCfg = Debug|Any CPU
		{90A21AE0-30CC-46F7-A0E4-A312FDD3357D}.Debug|Any CPU.Build.0 = Debug|Any CPU
		{90A21AE0-30CC-46F7-A0E4-A312FDD3357D}.Release|Any CPU.ActiveCfg = Release|Any CPU
		{90A21AE0-30CC-46F7-A0E4-A312FDD3357D}.Release|Any CPU.Build.0 = Release|Any CPU
	EndGlobalSection
	GlobalSection(SolutionProperties) = preSolution
		HideSolutionNode = FALSE
	EndGlobalSection
	GlobalSection(ExtensibilityGlobals) = postSolution
		SolutionGuid = {34407A5A-E074-4F38-A458-85C8AE9D47F2}
	EndGlobalSection
EndGlobal
